// !$*UTF8*$!
{
	archiveVersion = 1;
	classes = {
	};
	objectVersion = 46;
	objects = {

/* Begin PBXBuildFile section */
		26EA37041B43844100711166 /* TcpLogNKE.c in Sources */ = {isa = PBXBuildFile; fileRef = 26EA37031B43844100711166 /* TcpLogNKE.c */; };
/* End PBXBuildFile section */

/* Begin PBXFileReference section */
		26EA36FE1B43844100711166 /* TcpLogNKE.kext */ = {isa = PBXFileReference; explicitFileType = wrapper.cfbundle; includeInIndex = 0; path = TcpLogNKE.kext; sourceTree = BUILT_PRODUCTS_DIR; };
		26EA37021B43844100711166 /* Info.plist */ = {isa = PBXFileReference; lastKnownFileType = text.plist.xml; path = Info.plist; sourceTree = "<group>"; };
		26EA37031B43844100711166 /* TcpLogNKE.c */ = {isa = PBXFileReference; lastKnownFileType = sourcecode.c.c; path = TcpLogNKE.c; sourceTree = "<group>"; };
		26EA370A1B43846500711166 /* tcplogger.h */ = {isa = PBXFileReference; lastKnownFileType = sourcecode.c.h; path = tcplogger.h; sourceTree = "<group>"; };
/* End PBXFileReference section */

/* Begin PBXFrameworksBuildPhase section */
		26EA36FA1B43844100711166 /* Frameworks */ = {
			isa = PBXFrameworksBuildPhase;
			buildActionMask = 2147483647;
			files = (
			);
			runOnlyForDeploymentPostprocessing = 0;
		};
/* End PBXFrameworksBuildPhase section */

/* Begin PBXGroup section */
		26EA36F41B43844100711166 = {
			isa = PBXGroup;
			children = (
				26EA37001B43844100711166 /* TcpLogNKE */,
				26EA36FF1B43844100711166 /* Products */,
			);
			sourceTree = "<group>";
		};
		26EA36FF1B43844100711166 /* Products */ = {
			isa = PBXGroup;
			children = (
				26EA36FE1B43844100711166 /* TcpLogNKE.kext */,
			);
			name = Products;
			sourceTree = "<group>";
		};
		26EA37001B43844100711166 /* TcpLogNKE */ = {
			isa = PBXGroup;
			children = (
				26EA37031B43844100711166 /* TcpLogNKE.c */,
				26EA370A1B43846500711166 /* tcplogger.h */,
				26EA37011B43844100711166 /* Supporting Files */,
			);
			path = TcpLogNKE;
			sourceTree = "<group>";
		};
		26EA37011B43844100711166 /* Supporting Files */ = {
			isa = PBXGroup;
			children = (
				26EA37021B43844100711166 /* Info.plist */,
			);
			name = "Supporting Files";
			sourceTree = "<group>";
		};
/* End PBXGroup section */

/* Begin PBXHeadersBuildPhase section */
		26EA36FB1B43844100711166 /* Headers */ = {
			isa = PBXHeadersBuildPhase;
			buildActionMask = 2147483647;
			files = (
			);
			runOnlyForDeploymentPostprocessing = 0;
		};
/* End PBXHeadersBuildPhase section */

/* Begin PBXNativeTarget section */
		26EA36FD1B43844100711166 /* TcpLogNKE */ = {
			isa = PBXNativeTarget;
			buildConfigurationList = 26EA37071B43844100711166 /* Build configuration list for PBXNativeTarget "TcpLogNKE" */;
			buildPhases = (
				26EA36F91B43844100711166 /* Sources */,
				26EA36FA1B43844100711166 /* Frameworks */,
				26EA36FB1B43844100711166 /* Headers */,
				26EA36FC1B43844100711166 /* Resources */,
			);
			buildRules = (
			);
			dependencies = (
			);
			name = TcpLogNKE;
			productName = TcpLogNKE;
			productReference = 26EA36FE1B43844100711166 /* TcpLogNKE.kext */;
			productType = "com.apple.product-type.kernel-extension";
		};
/* End PBXNativeTarget section */

/* Begin PBXProject section */
		26EA36F51B43844100711166 /* Project object */ = {
			isa = PBXProject;
			attributes = {
				LastUpgradeCheck = 0630;
				ORGANIZATIONNAME = Kingfree;
				TargetAttributes = {
					26EA36FD1B43844100711166 = {
						CreatedOnToolsVersion = 6.3.2;
					};
				};
			};
			buildConfigurationList = 26EA36F81B43844100711166 /* Build configuration list for PBXProject "TcpLogNKE" */;
			compatibilityVersion = "Xcode 3.2";
			developmentRegion = English;
			hasScannedForEncodings = 0;
			knownRegions = (
				en,
			);
			mainGroup = 26EA36F41B43844100711166;
			productRefGroup = 26EA36FF1B43844100711166 /* Products */;
			projectDirPath = "";
			projectRoot = "";
			targets = (
				26EA36FD1B43844100711166 /* TcpLogNKE */,
			);
		};
/* End PBXProject section */

/* Begin PBXResourcesBuildPhase section */
		26EA36FC1B43844100711166 /* Resources */ = {
			isa = PBXResourcesBuildPhase;
			buildActionMask = 2147483647;
			files = (
			);
			runOnlyForDeploymentPostprocessing = 0;
		};
/* End PBXResourcesBuildPhase section */

/* Begin PBXSourcesBuildPhase section */
		26EA36F91B43844100711166 /* Sources */ = {
			isa = PBXSourcesBuildPhase;
			buildActionMask = 2147483647;
			files = (
				26EA37041B43844100711166 /* TcpLogNKE.c in Sources */,
			);
			runOnlyForDeploymentPostprocessing = 0;
		};
/* End PBXSourcesBuildPhase section */

/* Begin XCBuildConfiguration section */
		26EA37051B43844100711166 /* Debug */ = {
			isa = XCBuildConfiguration;
			buildSettings = {
				ALWAYS_SEARCH_USER_PATHS = NO;
				CLANG_CXX_LANGUAGE_STANDARD = "gnu++0x";
				CLANG_CXX_LIBRARY = "libc++";
				CLANG_ENABLE_MODULES = YES;
				CLANG_ENABLE_OBJC_ARC = YES;
				CLANG_WARN_BOOL_CONVERSION = YES;
				CLANG_WARN_CONSTANT_CONVERSION = YES;
				CLANG_WARN_DIRECT_OBJC_ISA_USAGE = YES_ERROR;
				CLANG_WARN_EMPTY_BODY = YES;
				CLANG_WARN_ENUM_CONVERSION = YES;
				CLANG_WARN_INT_CONVERSION = YES;
				CLANG_WARN_OBJC_ROOT_CLASS = YES_ERROR;
				CLANG_WARN_UNREACHABLE_CODE = YES;
				CLANG_WARN__DUPLICATE_METHOD_MATCH = YES;
				COPY_PHASE_STRIP = NO;
				DEBUG_INFORMATION_FORMAT = dwarf;
				ENABLE_STRICT_OBJC_MSGSEND = YES;
				GCC_C_LANGUAGE_STANDARD = gnu99;
				GCC_DYNAMIC_NO_PIC = NO;
				GCC_NO_COMMON_BLOCKS = YES;
				GCC_OPTIMIZATION_LEVEL = 0;
				GCC_PREPROCESSOR_DEFINITIONS = (
					"DEBUG=1",
					"$(inherited)",
				);
				GCC_SYMBOLS_PRIVATE_EXTERN = NO;
				GCC_WARN_64_TO_32_BIT_CONVERSION = YES;
				GCC_WARN_ABOUT_RETURN_TYPE = YES_ERROR;
				GCC_WARN_UNDECLARED_SELECTOR = YES;
				GCC_WARN_UNINITIALIZED_AUTOS = YES_AGGRESSIVE;
				GCC_WARN_UNUSED_FUNCTION = YES;
				GCC_WARN_UNUSED_VARIABLE = YES;
				MACOSX_DEPLOYMENT_TARGET = 10.10;
				MTL_ENABLE_DEBUG_INFO = YES;
				ONLY_ACTIVE_ARCH = YES;
				SDKROOT = macosx;
			};
			name = Debug;
		};
		26EA37061B43844100711166 /* Release */ = {
			isa = XCBuildConfiguration;
			buildSettings = {
				ALWAYS_SEARCH_USER_PATHS = NO;
				CLANG_CXX_LANGUAGE_STANDARD = "gnu++0x";
				CLANG_CXX_LIBRARY = "libc++";
				CLANG_ENABLE_MODULES = YES;
				CLANG_ENABLE_OBJC_ARC = YES;
				CLANG_WARN_BOOL_CONVERSION = YES;
				CLANG_WARN_CONSTANT_CONVERSION = YES;
				CLANG_WARN_DIRECT_OBJC_ISA_USAGE = YES_ERROR;
				CLANG_WARN_EMPTY_BODY = YES;
				CLANG_WARN_ENUM_CONVERSION = YES;
				CLANG_WARN_INT_CONVERSION = YES;
				CLANG_WARN_OBJC_ROOT_CLASS = YES_ERROR;
				CLANG_WARN_UNREACHABLE_CODE = YES;
				CLANG_WARN__DUPLICATE_METHOD_MATCH = YES;
				COPY_PHASE_STRIP = NO;
				DEBUG_INFORMATION_FORMAT = "dwarf-with-dsym";
				ENABLE_NS_ASSERTIONS = NO;
				ENABLE_STRICT_OBJC_MSGSEND = YES;
				GCC_C_LANGUAGE_STANDARD = gnu99;
				GCC_NO_COMMON_BLOCKS = YES;
				GCC_WARN_64_TO_32_BIT_CONVERSION = YES;
				GCC_WARN_ABOUT_RETURN_TYPE = YES_ERROR;
				GCC_WARN_UNDECLARED_SELECTOR = YES;
				GCC_WARN_UNINITIALIZED_AUTOS = YES_AGGRESSIVE;
				GCC_WARN_UNUSED_FUNCTION = YES;
				GCC_WARN_UNUSED_VARIABLE = YES;
				MACOSX_DEPLOYMENT_TARGET = 10.10;
				MTL_ENABLE_DEBUG_INFO = NO;
				SDKROOT = macosx;
			};
			name = Release;
		};
		26EA37081B43844100711166 /* Debug */ = {
			isa = XCBuildConfiguration;
			buildSettings = {
				CODE_SIGN_IDENTITY = "";
				INFOPLIST_FILE = TcpLogNKE/Info.plist;
				MODULE_NAME = kingfree.TcpLogNKE;
				MODULE_START = TcpLogNKE_start;
				MODULE_STOP = TcpLogNKE_stop;
				MODULE_VERSION = 1.0.0d1;
				PRODUCT_NAME = "$(TARGET_NAME)";
				WRAPPER_EXTENSION = kext;
			};
			name = Debug;
		};
		26EA37091B43844100711166 /* Release */ = {
			isa = XCBuildConfiguration;
			buildSettings = {
				CODE_SIGN_IDENTITY = "";
				INFOPLIST_FILE = TcpLogNKE/Info.plist;
				MODULE_NAME = kingfree.TcpLogNKE;
				MODULE_START = TcpLogNKE_start;
				MODULE_STOP = TcpLogNKE_stop;
				MODULE_VERSION = 1.0.0d1;
				PRODUCT_NAME = "$(TARGET_NAME)";
				WRAPPER_EXTENSION = kext;
			};
			name = Release;
		};
/* End XCBuildConfiguration section */

/* Begin XCConfigurationList section */
		26EA36F81B43844100711166 /* Build configuration list for PBXProject "TcpLogNKE" */ = {
			isa = XCConfigurationList;
			buildConfigurations = (
				26EA37051B43844100711166 /* Debug */,
				26EA37061B43844100711166 /* Release */,
			);
			defaultConfigurationIsVisible = 0;
			defaultConfigurationName = Release;
		};
		26EA37071B43844100711166 /* Build configuration list for PBXNativeTarget "TcpLogNKE" */ = {
			isa = XCConfigurationList;
			buildConfigurations = (
				26EA37081B43844100711166 /* Debug */,
				26EA37091B43844100711166 /* Release */,
			);
			defaultConfigurationIsVisible = 0;
		};
/* End XCConfigurationList section */
	};
	rootObject = 26EA36F51B43844100711166 /* Project object */;
}
