// !$*UTF8*$!
{
	archiveVersion = 1;
	classes = {
	};
	objectVersion = 46;
	objects = {

/* Begin PBXBuildFile section */
		2631278E1B4B5E5900A2667F /* main.c in Sources */ = {isa = PBXBuildFile; fileRef = 2631278D1B4B5E5900A2667F /* main.c */; };
/* End PBXBuildFile section */

/* Begin PBXCopyFilesBuildPhase section */
		263127881B4B5E5900A2667F /* CopyFiles */ = {
			isa = PBXCopyFilesBuildPhase;
			buildActionMask = 2147483647;
			dstPath = /usr/share/man/man1/;
			dstSubfolderSpec = 0;
			files = (
			);
			runOnlyForDeploymentPostprocessing = 1;
		};
/* End PBXCopyFilesBuildPhase section */

/* Begin PBXFileReference section */
		2631278A1B4B5E5900A2667F /* Sock5Client */ = {isa = PBXFileReference; explicitFileType = "compiled.mach-o.executable"; includeInIndex = 0; path = Sock5Client; sourceTree = BUILT_PRODUCTS_DIR; };
		2631278D1B4B5E5900A2667F /* main.c */ = {isa = PBXFileReference; lastKnownFileType = sourcecode.c.c; path = main.c; sourceTree = "<group>"; };
		26D7B8BA1B4B63E700298358 /* socks5.h */ = {isa = PBXFileReference; lastKnownFileType = sourcecode.c.h; path = socks5.h; sourceTree = "<group>"; };
/* End PBXFileReference section */

/* Begin PBXFrameworksBuildPhase section */
		263127871B4B5E5900A2667F /* Frameworks */ = {
			isa = PBXFrameworksBuildPhase;
			buildActionMask = 2147483647;
			files = (
			);
			runOnlyForDeploymentPostprocessing = 0;
		};
/* End PBXFrameworksBuildPhase section */

/* Begin PBXGroup section */
		263127811B4B5E5900A2667F = {
			isa = PBXGroup;
			children = (
				2631278C1B4B5E5900A2667F /* Sock5Client */,
				2631278B1B4B5E5900A2667F /* Products */,
			);
			sourceTree = "<group>";
		};
		2631278B1B4B5E5900A2667F /* Products */ = {
			isa = PBXGroup;
			children = (
				2631278A1B4B5E5900A2667F /* Sock5Client */,
			);
			name = Products;
			sourceTree = "<group>";
		};
		2631278C1B4B5E5900A2667F /* Sock5Client */ = {
			isa = PBXGroup;
			children = (
				2631278D1B4B5E5900A2667F /* main.c */,
				26D7B8BA1B4B63E700298358 /* socks5.h */,
			);
			path = Sock5Client;
			sourceTree = "<group>";
		};
/* End PBXGroup section */

/* Begin PBXNativeTarget section */
		263127891B4B5E5900A2667F /* Sock5Client */ = {
			isa = PBXNativeTarget;
			buildConfigurationList = 263127911B4B5E5900A2667F /* Build configuration list for PBXNativeTarget "Sock5Client" */;
			buildPhases = (
				263127861B4B5E5900A2667F /* Sources */,
				263127871B4B5E5900A2667F /* Frameworks */,
				263127881B4B5E5900A2667F /* CopyFiles */,
			);
			buildRules = (
			);
			dependencies = (
			);
			name = Sock5Client;
			productName = Sock5Client;
			productReference = 2631278A1B4B5E5900A2667F /* Sock5Client */;
			productType = "com.apple.product-type.tool";
		};
/* End PBXNativeTarget section */

/* Begin PBXProject section */
		263127821B4B5E5900A2667F /* Project object */ = {
			isa = PBXProject;
			attributes = {
				LastUpgradeCheck = 0640;
				ORGANIZATIONNAME = Kingfree;
				TargetAttributes = {
					263127891B4B5E5900A2667F = {
						CreatedOnToolsVersion = 6.4;
					};
				};
			};
			buildConfigurationList = 263127851B4B5E5900A2667F /* Build configuration list for PBXProject "Sock5Client" */;
			compatibilityVersion = "Xcode 3.2";
			developmentRegion = English;
			hasScannedForEncodings = 0;
			knownRegions = (
				en,
			);
			mainGroup = 263127811B4B5E5900A2667F;
			productRefGroup = 2631278B1B4B5E5900A2667F /* Products */;
			projectDirPath = "";
			projectRoot = "";
			targets = (
				263127891B4B5E5900A2667F /* Sock5Client */,
			);
		};
/* End PBXProject section */

/* Begin PBXSourcesBuildPhase section */
		263127861B4B5E5900A2667F /* Sources */ = {
			isa = PBXSourcesBuildPhase;
			buildActionMask = 2147483647;
			files = (
				2631278E1B4B5E5900A2667F /* main.c in Sources */,
			);
			runOnlyForDeploymentPostprocessing = 0;
		};
/* End PBXSourcesBuildPhase section */

/* Begin XCBuildConfiguration section */
		2631278F1B4B5E5900A2667F /* Debug */ = {
			isa = XCBuildConfiguration;
			buildSettings = {
				ALWAYS_SEARCH_USER_PATHS = NO;
				CLANG_CXX_LANGUAGE_STANDARD = "gnu++0x";
				CLANG_CXX_LIBRARY = "libc++";
				CLANG_ENABLE_MODULES = YES;
				CLANG_ENABLE_OBJC_ARC = YES;
				CLANG_WARN_BOOL_CONVERSION = YES;
				CLANG_WARN_CONSTANT_CONVERSION = YES;
				CLANG_WARN_DIRECT_OBJC_ISA_USAGE = YES_ERROR;
				CLANG_WARN_EMPTY_BODY = YES;
				CLANG_WARN_ENUM_CONVERSION = YES;
				CLANG_WARN_INT_CONVERSION = YES;
				CLANG_WARN_OBJC_ROOT_CLASS = YES_ERROR;
				CLANG_WARN_UNREACHABLE_CODE = YES;
				CLANG_WARN__DUPLICATE_METHOD_MATCH = YES;
				COPY_PHASE_STRIP = NO;
				DEBUG_INFORMATION_FORMAT = dwarf;
				ENABLE_STRICT_OBJC_MSGSEND = YES;
				GCC_C_LANGUAGE_STANDARD = gnu99;
				GCC_DYNAMIC_NO_PIC = NO;
				GCC_NO_COMMON_BLOCKS = YES;
				GCC_OPTIMIZATION_LEVEL = 0;
				GCC_PREPROCESSOR_DEFINITIONS = (
					"DEBUG=1",
					"$(inherited)",
				);
				GCC_SYMBOLS_PRIVATE_EXTERN = NO;
				GCC_WARN_64_TO_32_BIT_CONVERSION = YES;
				GCC_WARN_ABOUT_RETURN_TYPE = YES_ERROR;
				GCC_WARN_UNDECLARED_SELECTOR = YES;
				GCC_WARN_UNINITIALIZED_AUTOS = YES_AGGRESSIVE;
				GCC_WARN_UNUSED_FUNCTION = YES;
				GCC_WARN_UNUSED_VARIABLE = YES;
				MACOSX_DEPLOYMENT_TARGET = 10.10;
				MTL_ENABLE_DEBUG_INFO = YES;
				ONLY_ACTIVE_ARCH = YES;
				SDKROOT = macosx;
			};
			name = Debug;
		};
		263127901B4B5E5900A2667F /* Release */ = {
			isa = XCBuildConfiguration;
			buildSettings = {
				ALWAYS_SEARCH_USER_PATHS = NO;
				CLANG_CXX_LANGUAGE_STANDARD = "gnu++0x";
				CLANG_CXX_LIBRARY = "libc++";
				CLANG_ENABLE_MODULES = YES;
				CLANG_ENABLE_OBJC_ARC = YES;
				CLANG_WARN_BOOL_CONVERSION = YES;
				CLANG_WARN_CONSTANT_CONVERSION = YES;
				CLANG_WARN_DIRECT_OBJC_ISA_USAGE = YES_ERROR;
				CLANG_WARN_EMPTY_BODY = YES;
				CLANG_WARN_ENUM_CONVERSION = YES;
				CLANG_WARN_INT_CONVERSION = YES;
				CLANG_WARN_OBJC_ROOT_CLASS = YES_ERROR;
				CLANG_WARN_UNREACHABLE_CODE = YES;
				CLANG_WARN__DUPLICATE_METHOD_MATCH = YES;
				COPY_PHASE_STRIP = NO;
				DEBUG_INFORMATION_FORMAT = "dwarf-with-dsym";
				ENABLE_NS_ASSERTIONS = NO;
				ENABLE_STRICT_OBJC_MSGSEND = YES;
				GCC_C_LANGUAGE_STANDARD = gnu99;
				GCC_NO_COMMON_BLOCKS = YES;
				GCC_WARN_64_TO_32_BIT_CONVERSION = YES;
				GCC_WARN_ABOUT_RETURN_TYPE = YES_ERROR;
				GCC_WARN_UNDECLARED_SELECTOR = YES;
				GCC_WARN_UNINITIALIZED_AUTOS = YES_AGGRESSIVE;
				GCC_WARN_UNUSED_FUNCTION = YES;
				GCC_WARN_UNUSED_VARIABLE = YES;
				MACOSX_DEPLOYMENT_TARGET = 10.10;
				MTL_ENABLE_DEBUG_INFO = NO;
				SDKROOT = macosx;
			};
			name = Release;
		};
		263127921B4B5E5900A2667F /* Debug */ = {
			isa = XCBuildConfiguration;
			buildSettings = {
				PRODUCT_NAME = "$(TARGET_NAME)";
			};
			name = Debug;
		};
		263127931B4B5E5900A2667F /* Release */ = {
			isa = XCBuildConfiguration;
			buildSettings = {
				PRODUCT_NAME = "$(TARGET_NAME)";
			};
			name = Release;
		};
/* End XCBuildConfiguration section */

/* Begin XCConfigurationList section */
		263127851B4B5E5900A2667F /* Build configuration list for PBXProject "Sock5Client" */ = {
			isa = XCConfigurationList;
			buildConfigurations = (
				2631278F1B4B5E5900A2667F /* Debug */,
				263127901B4B5E5900A2667F /* Release */,
			);
			defaultConfigurationIsVisible = 0;
			defaultConfigurationName = Release;
		};
		263127911B4B5E5900A2667F /* Build configuration list for PBXNativeTarget "Sock5Client" */ = {
			isa = XCConfigurationList;
			buildConfigurations = (
				263127921B4B5E5900A2667F /* Debug */,
				263127931B4B5E5900A2667F /* Release */,
			);
			defaultConfigurationIsVisible = 0;
			defaultConfigurationName = Release;
		};
/* End XCConfigurationList section */
	};
	rootObject = 263127821B4B5E5900A2667F /* Project object */;
}
